
Microsoft Visual Studio Solution File, Format Version 12.00
# Visual Studio 15
VisualStudioVersion = 15.0.28307.102
MinimumVisualStudioVersion = 10.0.40219.1
Project("{FAE04EC0-301F-11D3-BF4B-00C04F79EFBC}") = "01_ListyIterator", "IteratorsAndComparators\01_ListyIterator.csproj", "{CF345087-CDB4-4A13-9373-A22B73AFF584}"
EndProject
Project("{FAE04EC0-301F-11D3-BF4B-00C04F79EFBC}") = "02_Collection", "02_Collection\02_Collection.csproj", "{46ECB039-C087-4F0B-ACAB-1B410F8854DF}"
EndProject
Global
	GlobalSection(SolutionConfigurationPlatforms) = preSolution
		Debug|Any CPU = Debug|Any CPU
		Release|Any CPU = Release|Any CPU
	EndGlobalSection
	GlobalSection(ProjectConfigurationPlatforms) = postSolution
		{CF345087-CDB4-4A13-9373-A22B73AFF584}.Debug|Any CPU.ActiveCfg = Debug|Any CPU
		{CF345087-CDB4-4A13-9373-A22B73AFF584}.Debug|Any CPU.Build.0 = Debug|Any CPU
		{CF345087-CDB4-4A13-9373-A22B73AFF584}.Release|Any CPU.ActiveCfg = Release|Any CPU
		{CF345087-CDB4-4A13-9373-A22B73AFF584}.Release|Any CPU.Build.0 = Release|Any CPU
		{46ECB039-C087-4F0B-ACAB-1B410F8854DF}.Debug|Any CPU.ActiveCfg = Debug|Any CPU
		{46ECB039-C087-4F0B-ACAB-1B410F8854DF}.Debug|Any CPU.Build.0 = Debug|Any CPU
		{46ECB039-C087-4F0B-ACAB-1B410F8854DF}.Release|Any CPU.ActiveCfg = Release|Any CPU
		{46ECB039-C087-4F0B-ACAB-1B410F8854DF}.Release|Any CPU.Build.0 = Release|Any CPU
	EndGlobalSection
	GlobalSection(SolutionProperties) = preSolution
		HideSolutionNode = FALSE
	EndGlobalSection
	GlobalSection(ExtensibilityGlobals) = postSolution
		SolutionGuid = {AC51702B-E68E-4DB1-B61A-1A9077C5BBE0}
	EndGlobalSection
EndGlobal
