
Microsoft Visual Studio Solution File, Format Version 12.00
# Visual Studio 15
VisualStudioVersion = 15.0.28307.102
MinimumVisualStudioVersion = 10.0.40219.1
Project("{9A19103F-16F7-4668-BE54-9A1E7A4F7556}") = "01_Database", "01_Database\01_Database.csproj", "{F351D4FB-B6DA-49A0-99D7-6935284FFAB2}"
EndProject
Project("{FAE04EC0-301F-11D3-BF4B-00C04F79EFBC}") = "01_DatabaseTest", "01_DatabaseTest\01_DatabaseTest.csproj", "{8851F623-2441-4CEE-BA56-24F355A683FE}"
EndProject
Project("{FAE04EC0-301F-11D3-BF4B-00C04F79EFBC}") = "02_ExtendedDatabase", "02_ExtendedDatabase\02_ExtendedDatabase.csproj", "{2D3AA81E-C907-4F70-A45B-DA42BE288221}"
EndProject
Project("{FAE04EC0-301F-11D3-BF4B-00C04F79EFBC}") = "02_ExtendedDatabaseTest", "02_ExtendedDatabaseTest\02_ExtendedDatabaseTest.csproj", "{854BEA88-3F17-4338-B561-4DD2BB33CFF0}"
EndProject
Project("{FAE04EC0-301F-11D3-BF4B-00C04F79EFBC}") = "03_CustomLinkedList", "03_CustomLinkedList\03_CustomLinkedList.csproj", "{745CF5AD-A057-4B41-9485-844726420089}"
EndProject
Project("{FAE04EC0-301F-11D3-BF4B-00C04F79EFBC}") = "03_CustomLinkedListTest", "03_CustomLinkedListTest\03_CustomLinkedListTest.csproj", "{647370A2-15EA-4999-B8E2-A3844D06A439}"
EndProject
Global
	GlobalSection(SolutionConfigurationPlatforms) = preSolution
		Debug|Any CPU = Debug|Any CPU
		Release|Any CPU = Release|Any CPU
	EndGlobalSection
	GlobalSection(ProjectConfigurationPlatforms) = postSolution
		{F351D4FB-B6DA-49A0-99D7-6935284FFAB2}.Debug|Any CPU.ActiveCfg = Debug|Any CPU
		{F351D4FB-B6DA-49A0-99D7-6935284FFAB2}.Debug|Any CPU.Build.0 = Debug|Any CPU
		{F351D4FB-B6DA-49A0-99D7-6935284FFAB2}.Release|Any CPU.ActiveCfg = Release|Any CPU
		{F351D4FB-B6DA-49A0-99D7-6935284FFAB2}.Release|Any CPU.Build.0 = Release|Any CPU
		{8851F623-2441-4CEE-BA56-24F355A683FE}.Debug|Any CPU.ActiveCfg = Debug|Any CPU
		{8851F623-2441-4CEE-BA56-24F355A683FE}.Debug|Any CPU.Build.0 = Debug|Any CPU
		{8851F623-2441-4CEE-BA56-24F355A683FE}.Release|Any CPU.ActiveCfg = Release|Any CPU
		{8851F623-2441-4CEE-BA56-24F355A683FE}.Release|Any CPU.Build.0 = Release|Any CPU
		{2D3AA81E-C907-4F70-A45B-DA42BE288221}.Debug|Any CPU.ActiveCfg = Debug|Any CPU
		{2D3AA81E-C907-4F70-A45B-DA42BE288221}.Debug|Any CPU.Build.0 = Debug|Any CPU
		{2D3AA81E-C907-4F70-A45B-DA42BE288221}.Release|Any CPU.ActiveCfg = Release|Any CPU
		{2D3AA81E-C907-4F70-A45B-DA42BE288221}.Release|Any CPU.Build.0 = Release|Any CPU
		{854BEA88-3F17-4338-B561-4DD2BB33CFF0}.Debug|Any CPU.ActiveCfg = Debug|Any CPU
		{854BEA88-3F17-4338-B561-4DD2BB33CFF0}.Debug|Any CPU.Build.0 = Debug|Any CPU
		{854BEA88-3F17-4338-B561-4DD2BB33CFF0}.Release|Any CPU.ActiveCfg = Release|Any CPU
		{854BEA88-3F17-4338-B561-4DD2BB33CFF0}.Release|Any CPU.Build.0 = Release|Any CPU
		{745CF5AD-A057-4B41-9485-844726420089}.Debug|Any CPU.ActiveCfg = Debug|Any CPU
		{745CF5AD-A057-4B41-9485-844726420089}.Debug|Any CPU.Build.0 = Debug|Any CPU
		{745CF5AD-A057-4B41-9485-844726420089}.Release|Any CPU.ActiveCfg = Release|Any CPU
		{745CF5AD-A057-4B41-9485-844726420089}.Release|Any CPU.Build.0 = Release|Any CPU
		{647370A2-15EA-4999-B8E2-A3844D06A439}.Debug|Any CPU.ActiveCfg = Debug|Any CPU
		{647370A2-15EA-4999-B8E2-A3844D06A439}.Debug|Any CPU.Build.0 = Debug|Any CPU
		{647370A2-15EA-4999-B8E2-A3844D06A439}.Release|Any CPU.ActiveCfg = Release|Any CPU
		{647370A2-15EA-4999-B8E2-A3844D06A439}.Release|Any CPU.Build.0 = Release|Any CPU
	EndGlobalSection
	GlobalSection(SolutionProperties) = preSolution
		HideSolutionNode = FALSE
	EndGlobalSection
	GlobalSection(ExtensibilityGlobals) = postSolution
		SolutionGuid = {9602A0DC-507B-415F-A62D-10D5AE133FDD}
	EndGlobalSection
EndGlobal
