
Microsoft Visual Studio Solution File, Format Version 12.00
# Visual Studio 15
VisualStudioVersion = 15.0.28010.2050
MinimumVisualStudioVersion = 10.0.40219.1
Project("{9A19103F-16F7-4668-BE54-9A1E7A4F7556}") = "Vehicles", "Vehicles\Vehicles.csproj", "{AF4C9642-5F2D-459C-82F6-CA41A0677A1A}"
EndProject
Project("{FAE04EC0-301F-11D3-BF4B-00C04F79EFBC}") = "WildFarm", "WildFarm\WildFarm.csproj", "{04833C94-327B-4290-ABBD-09E203D7BC14}"
EndProject
Global
	GlobalSection(SolutionConfigurationPlatforms) = preSolution
		Debug|Any CPU = Debug|Any CPU
		Release|Any CPU = Release|Any CPU
	EndGlobalSection
	GlobalSection(ProjectConfigurationPlatforms) = postSolution
		{AF4C9642-5F2D-459C-82F6-CA41A0677A1A}.Debug|Any CPU.ActiveCfg = Debug|Any CPU
		{AF4C9642-5F2D-459C-82F6-CA41A0677A1A}.Debug|Any CPU.Build.0 = Debug|Any CPU
		{AF4C9642-5F2D-459C-82F6-CA41A0677A1A}.Release|Any CPU.ActiveCfg = Release|Any CPU
		{AF4C9642-5F2D-459C-82F6-CA41A0677A1A}.Release|Any CPU.Build.0 = Release|Any CPU
		{04833C94-327B-4290-ABBD-09E203D7BC14}.Debug|Any CPU.ActiveCfg = Debug|Any CPU
		{04833C94-327B-4290-ABBD-09E203D7BC14}.Debug|Any CPU.Build.0 = Debug|Any CPU
		{04833C94-327B-4290-ABBD-09E203D7BC14}.Release|Any CPU.ActiveCfg = Release|Any CPU
		{04833C94-327B-4290-ABBD-09E203D7BC14}.Release|Any CPU.Build.0 = Release|Any CPU
	EndGlobalSection
	GlobalSection(SolutionProperties) = preSolution
		HideSolutionNode = FALSE
	EndGlobalSection
	GlobalSection(ExtensibilityGlobals) = postSolution
		SolutionGuid = {214CAE23-8E2B-4BEF-A313-98C016F7325E}
	EndGlobalSection
EndGlobal
